
Microsoft Visual Studio Solution File, Format Version 12.00
# Visual Studio Version 17
VisualStudioVersion = 17.13.35919.96 d17.13
MinimumVisualStudioVersion = 10.0.40219.1
Project("{FAE04EC0-301F-11D3-BF4B-00C04F79EFBC}") = "Integracion Gemini y Apis", "Integracion Gemini y Apis\Integracion Gemini y Apis.csproj", "{6362F987-EBFB-46EA-8D10-29E3F03F9EA1}"
EndProject
Global
	GlobalSection(SolutionConfigurationPlatforms) = preSolution
		Debug|Any CPU = Debug|Any CPU
		Release|Any CPU = Release|Any CPU
	EndGlobalSection
	GlobalSection(ProjectConfigurationPlatforms) = postSolution
		{6362F987-EBFB-46EA-8D10-29E3F03F9EA1}.Debug|Any CPU.ActiveCfg = Debug|Any CPU
		{6362F987-EBFB-46EA-8D10-29E3F03F9EA1}.Debug|Any CPU.Build.0 = Debug|Any CPU
		{6362F987-EBFB-46EA-8D10-29E3F03F9EA1}.Release|Any CPU.ActiveCfg = Release|Any CPU
		{6362F987-EBFB-46EA-8D10-29E3F03F9EA1}.Release|Any CPU.Build.0 = Release|Any CPU
	EndGlobalSection
	GlobalSection(SolutionProperties) = preSolution
		HideSolutionNode = FALSE
	EndGlobalSection
	GlobalSection(ExtensibilityGlobals) = postSolution
		SolutionGuid = {0318CE8C-C06A-4145-8DFA-D4A77ED29197}
	EndGlobalSection
EndGlobal
